
Microsoft Visual Studio Solution File, Format Version 12.00
# Visual Studio 14
VisualStudioVersion = 14.0.25123.0
MinimumVisualStudioVersion = 10.0.40219.1
Project("{FAE04EC0-301F-11D3-BF4B-00C04F79EFBC}") = "EntityFramework", "EntityFramework\EntityFramework.csproj", "{ADC48153-4A0A-4142-992B-1E1D90DD4EEB}"
EndProject
Global
	GlobalSection(SolutionConfigurationPlatforms) = preSolution
		Debug|Any CPU = Debug|Any CPU
		Release|Any CPU = Release|Any CPU
	EndGlobalSection
	GlobalSection(ProjectConfigurationPlatforms) = postSolution
		{ADC48153-4A0A-4142-992B-1E1D90DD4EEB}.Debug|Any CPU.ActiveCfg = Debug|Any CPU
		{ADC48153-4A0A-4142-992B-1E1D90DD4EEB}.Debug|Any CPU.Build.0 = Debug|Any CPU
		{ADC48153-4A0A-4142-992B-1E1D90DD4EEB}.Release|Any CPU.ActiveCfg = Release|Any CPU
		{ADC48153-4A0A-4142-992B-1E1D90DD4EEB}.Release|Any CPU.Build.0 = Release|Any CPU
	EndGlobalSection
	GlobalSection(SolutionProperties) = preSolution
		HideSolutionNode = FALSE
	EndGlobalSection
EndGlobal
